
Microsoft Visual Studio Solution File, Format Version 12.00
# Visual Studio 14
VisualStudioVersion = 14.0.25420.1
MinimumVisualStudioVersion = 10.0.40219.1
Project("{FAE04EC0-301F-11D3-BF4B-00C04F79EFBC}") = "TestGitIntegration", "TestGitIntegration\TestGitIntegration.csproj", "{C5BB2CC7-1556-4BC2-8B9E-636D50AE270F}"
EndProject
Global
	GlobalSection(SolutionConfigurationPlatforms) = preSolution
		Debug|Any CPU = Debug|Any CPU
		Release|Any CPU = Release|Any CPU
	EndGlobalSection
	GlobalSection(ProjectConfigurationPlatforms) = postSolution
		{C5BB2CC7-1556-4BC2-8B9E-636D50AE270F}.Debug|Any CPU.ActiveCfg = Debug|Any CPU
		{C5BB2CC7-1556-4BC2-8B9E-636D50AE270F}.Debug|Any CPU.Build.0 = Debug|Any CPU
		{C5BB2CC7-1556-4BC2-8B9E-636D50AE270F}.Release|Any CPU.ActiveCfg = Release|Any CPU
		{C5BB2CC7-1556-4BC2-8B9E-636D50AE270F}.Release|Any CPU.Build.0 = Release|Any CPU
	EndGlobalSection
	GlobalSection(SolutionProperties) = preSolution
		HideSolutionNode = FALSE
	EndGlobalSection
EndGlobal
